// !$*UTF8*$!
{
	archiveVersion = 1;
	classes = {
	};
	objectVersion = 60;
	objects = {

/* Begin PBXBuildFile section */
		636896CA2BB5F165000E5811 /* SeamlessPay in Frameworks */ = {isa = PBXBuildFile; productRef = 636896C92BB5F165000E5811 /* SeamlessPay */; };
		6383CB4D2AF6B05800A115B9 /* AppDelegate.swift in Sources */ = {isa = PBXBuildFile; fileRef = 6383CB4C2AF6AE9B00A115B9 /* AppDelegate.swift */; };
		6383CB4E2AF6B05C00A115B9 /* SceneDelegate.swift in Sources */ = {isa = PBXBuildFile; fileRef = 6383CB4B2AF6AE9B00A115B9 /* SceneDelegate.swift */; };
		638437862BA7935E003403C1 /* SharedSeamlessPayAPIClient.swift in Sources */ = {isa = PBXBuildFile; fileRef = 638437852BA7935E003403C1 /* SharedSeamlessPayAPIClient.swift */; };
		6384F11B2AED71410038AE4D /* DetailViewController+Swift.swift in Sources */ = {isa = PBXBuildFile; fileRef = 6384F1042AED71410038AE4D /* DetailViewController+Swift.swift */; };
		6384F11C2AED71410038AE4D /* SingleLineCardFormVC.swift in Sources */ = {isa = PBXBuildFile; fileRef = 6384F1072AED71410038AE4D /* SingleLineCardFormVC.swift */; };
		6384F11E2AED71410038AE4D /* DetailViewController.m in Sources */ = {isa = PBXBuildFile; fileRef = 6384F1092AED71410038AE4D /* DetailViewController.m */; };
		6384F1262AED71410038AE4D /* MasterViewController.m in Sources */ = {isa = PBXBuildFile; fileRef = 6384F1132AED71410038AE4D /* MasterViewController.m */; };
		6388FB682BD295F500887A57 /* VCs.swift in Sources */ = {isa = PBXBuildFile; fileRef = 6388FB672BD295F500887A57 /* VCs.swift */; };
		6388FB6A2BD2964100887A57 /* MultiLineCardFormVCContent.swift in Sources */ = {isa = PBXBuildFile; fileRef = 6388FB692BD2964100887A57 /* MultiLineCardFormVCContent.swift */; };
		6388FB6C2BD2965800887A57 /* SingleLineCardFormVCContent.swift in Sources */ = {isa = PBXBuildFile; fileRef = 6388FB6B2BD2965800887A57 /* SingleLineCardFormVCContent.swift */; };
		63BBDA782AED726600DD4267 /* LaunchScreen.storyboard in Resources */ = {isa = PBXBuildFile; fileRef = 63BBDA742AED726600DD4267 /* LaunchScreen.storyboard */; };
		63BBDA792AED726600DD4267 /* Assets.xcassets in Resources */ = {isa = PBXBuildFile; fileRef = 63BBDA752AED726600DD4267 /* Assets.xcassets */; };
		63BBDA7A2AED726600DD4267 /* Main.storyboard in Resources */ = {isa = PBXBuildFile; fileRef = 63BBDA762AED726600DD4267 /* Main.storyboard */; };
/* End PBXBuildFile section */

/* Begin PBXFileReference section */
		1C94042F23D3451700BC4697 /* Demo.app */ = {isa = PBXFileReference; explicitFileType = wrapper.application; includeInIndex = 0; path = Demo.app; sourceTree = BUILT_PRODUCTS_DIR; };
		6003F58D195388D20070C39A /* Foundation.framework */ = {isa = PBXFileReference; lastKnownFileType = wrapper.framework; name = Foundation.framework; path = System/Library/Frameworks/Foundation.framework; sourceTree = SDKROOT; };
		6003F58F195388D20070C39A /* CoreGraphics.framework */ = {isa = PBXFileReference; lastKnownFileType = wrapper.framework; name = CoreGraphics.framework; path = System/Library/Frameworks/CoreGraphics.framework; sourceTree = SDKROOT; };
		6003F591195388D20070C39A /* UIKit.framework */ = {isa = PBXFileReference; lastKnownFileType = wrapper.framework; name = UIKit.framework; path = System/Library/Frameworks/UIKit.framework; sourceTree = SDKROOT; };
		6383CB4B2AF6AE9B00A115B9 /* SceneDelegate.swift */ = {isa = PBXFileReference; lastKnownFileType = sourcecode.swift; path = SceneDelegate.swift; sourceTree = "<group>"; };
		6383CB4C2AF6AE9B00A115B9 /* AppDelegate.swift */ = {isa = PBXFileReference; lastKnownFileType = sourcecode.swift; path = AppDelegate.swift; sourceTree = "<group>"; };
		638437852BA7935E003403C1 /* SharedSeamlessPayAPIClient.swift */ = {isa = PBXFileReference; lastKnownFileType = sourcecode.swift; path = SharedSeamlessPayAPIClient.swift; sourceTree = "<group>"; };
		6384F1042AED71410038AE4D /* DetailViewController+Swift.swift */ = {isa = PBXFileReference; fileEncoding = 4; lastKnownFileType = sourcecode.swift; path = "DetailViewController+Swift.swift"; sourceTree = "<group>"; };
		6384F1062AED71410038AE4D /* SeamlessPayDemo-Bridging-Header.h */ = {isa = PBXFileReference; fileEncoding = 4; lastKnownFileType = sourcecode.c.h; path = "SeamlessPayDemo-Bridging-Header.h"; sourceTree = "<group>"; };
		6384F1072AED71410038AE4D /* SingleLineCardFormVC.swift */ = {isa = PBXFileReference; fileEncoding = 4; lastKnownFileType = sourcecode.swift; path = SingleLineCardFormVC.swift; sourceTree = "<group>"; };
		6384F1092AED71410038AE4D /* DetailViewController.m */ = {isa = PBXFileReference; fileEncoding = 4; lastKnownFileType = sourcecode.c.objc; path = DetailViewController.m; sourceTree = "<group>"; };
		6384F10B2AED71410038AE4D /* MasterViewController.h */ = {isa = PBXFileReference; fileEncoding = 4; lastKnownFileType = sourcecode.c.h; path = MasterViewController.h; sourceTree = "<group>"; };
		6384F1132AED71410038AE4D /* MasterViewController.m */ = {isa = PBXFileReference; fileEncoding = 4; lastKnownFileType = sourcecode.c.objc; path = MasterViewController.m; sourceTree = "<group>"; };
		6384F1142AED71410038AE4D /* DetailViewController.h */ = {isa = PBXFileReference; fileEncoding = 4; lastKnownFileType = sourcecode.c.h; path = DetailViewController.h; sourceTree = "<group>"; };
		6388FB672BD295F500887A57 /* VCs.swift */ = {isa = PBXFileReference; lastKnownFileType = sourcecode.swift; path = VCs.swift; sourceTree = "<group>"; };
		6388FB692BD2964100887A57 /* MultiLineCardFormVCContent.swift */ = {isa = PBXFileReference; lastKnownFileType = sourcecode.swift; path = MultiLineCardFormVCContent.swift; sourceTree = "<group>"; };
		6388FB6B2BD2965800887A57 /* SingleLineCardFormVCContent.swift */ = {isa = PBXFileReference; lastKnownFileType = sourcecode.swift; path = SingleLineCardFormVCContent.swift; sourceTree = "<group>"; };
		63BBDA742AED726600DD4267 /* LaunchScreen.storyboard */ = {isa = PBXFileReference; fileEncoding = 4; lastKnownFileType = file.storyboard; path = LaunchScreen.storyboard; sourceTree = "<group>"; };
		63BBDA752AED726600DD4267 /* Assets.xcassets */ = {isa = PBXFileReference; lastKnownFileType = folder.assetcatalog; path = Assets.xcassets; sourceTree = "<group>"; };
		63BBDA762AED726600DD4267 /* Main.storyboard */ = {isa = PBXFileReference; fileEncoding = 4; lastKnownFileType = file.storyboard; path = Main.storyboard; sourceTree = "<group>"; };
		63BBDA7E2AED72F400DD4267 /* Info.plist */ = {isa = PBXFileReference; fileEncoding = 4; lastKnownFileType = text.plist.xml; path = Info.plist; sourceTree = "<group>"; };
		63BBDA802AED784600DD4267 /* .swiftformat */ = {isa = PBXFileReference; lastKnownFileType = text; name = .swiftformat; path = ../../.swiftformat; sourceTree = "<group>"; };
		63BBDA812AED784600DD4267 /* .swiftlint.yml */ = {isa = PBXFileReference; lastKnownFileType = text.yaml; name = .swiftlint.yml; path = ../../.swiftlint.yml; sourceTree = "<group>"; };
/* End PBXFileReference section */

/* Begin PBXFrameworksBuildPhase section */
		1C94042C23D3451700BC4697 /* Frameworks */ = {
			isa = PBXFrameworksBuildPhase;
			buildActionMask = 2147483647;
			files = (
				636896CA2BB5F165000E5811 /* SeamlessPay in Frameworks */,
			);
			runOnlyForDeploymentPostprocessing = 0;
		};
/* End PBXFrameworksBuildPhase section */

/* Begin PBXGroup section */
		6003F581195388D10070C39A = {
			isa = PBXGroup;
			children = (
				63BBDA802AED784600DD4267 /* .swiftformat */,
				63BBDA812AED784600DD4267 /* .swiftlint.yml */,
				63BBDA7E2AED72F400DD4267 /* Info.plist */,
				6384F1022AED71410038AE4D /* Sources */,
				63BBDA732AED726600DD4267 /* Resources */,
				6003F58C195388D20070C39A /* Frameworks */,
				6003F58B195388D20070C39A /* Products */,
			);
			sourceTree = "<group>";
		};
		6003F58B195388D20070C39A /* Products */ = {
			isa = PBXGroup;
			children = (
				1C94042F23D3451700BC4697 /* Demo.app */,
			);
			name = Products;
			sourceTree = "<group>";
		};
		6003F58C195388D20070C39A /* Frameworks */ = {
			isa = PBXGroup;
			children = (
				6003F58D195388D20070C39A /* Foundation.framework */,
				6003F58F195388D20070C39A /* CoreGraphics.framework */,
				6003F591195388D20070C39A /* UIKit.framework */,
			);
			name = Frameworks;
			sourceTree = "<group>";
		};
		638437872BA871E3003403C1 /* DetailViewController */ = {
			isa = PBXGroup;
			children = (
				6384F1042AED71410038AE4D /* DetailViewController+Swift.swift */,
				6384F1142AED71410038AE4D /* DetailViewController.h */,
				6384F1092AED71410038AE4D /* DetailViewController.m */,
			);
			path = DetailViewController;
			sourceTree = "<group>";
		};
		638437882BA8720D003403C1 /* MasterViewController */ = {
			isa = PBXGroup;
			children = (
				6384F10B2AED71410038AE4D /* MasterViewController.h */,
				6384F1132AED71410038AE4D /* MasterViewController.m */,
			);
			path = MasterViewController;
			sourceTree = "<group>";
		};
		6384F1022AED71410038AE4D /* Sources */ = {
			isa = PBXGroup;
			children = (
				6388FB662BD295E100887A57 /* SwiftUI */,
				6384F1062AED71410038AE4D /* SeamlessPayDemo-Bridging-Header.h */,
				638437872BA871E3003403C1 /* DetailViewController */,
				638437882BA8720D003403C1 /* MasterViewController */,
				6383CB4C2AF6AE9B00A115B9 /* AppDelegate.swift */,
				6383CB4B2AF6AE9B00A115B9 /* SceneDelegate.swift */,
				6384F1072AED71410038AE4D /* SingleLineCardFormVC.swift */,
				638437852BA7935E003403C1 /* SharedSeamlessPayAPIClient.swift */,
			);
			path = Sources;
			sourceTree = "<group>";
		};
		6388FB662BD295E100887A57 /* SwiftUI */ = {
			isa = PBXGroup;
			children = (
				6388FB672BD295F500887A57 /* VCs.swift */,
				6388FB692BD2964100887A57 /* MultiLineCardFormVCContent.swift */,
				6388FB6B2BD2965800887A57 /* SingleLineCardFormVCContent.swift */,
			);
			path = SwiftUI;
			sourceTree = "<group>";
		};
		63BBDA732AED726600DD4267 /* Resources */ = {
			isa = PBXGroup;
			children = (
				63BBDA742AED726600DD4267 /* LaunchScreen.storyboard */,
				63BBDA752AED726600DD4267 /* Assets.xcassets */,
				63BBDA762AED726600DD4267 /* Main.storyboard */,
			);
			path = Resources;
			sourceTree = "<group>";
		};
/* End PBXGroup section */

/* Begin PBXNativeTarget section */
		1C94042E23D3451700BC4697 /* Demo */ = {
			isa = PBXNativeTarget;
			buildConfigurationList = 1C94044823D3451C00BC4697 /* Build configuration list for PBXNativeTarget "Demo" */;
			buildPhases = (
				638E7B812AD2C6E600C2DADC /* Run SwiftLint */,
				6386CE432AE0151A00372661 /* Run swiftformat */,
				1C94042B23D3451700BC4697 /* Sources */,
				1C94042C23D3451700BC4697 /* Frameworks */,
				1C94042D23D3451700BC4697 /* Resources */,
			);
			buildRules = (
			);
			dependencies = (
			);
			name = Demo;
			packageProductDependencies = (
				636896C92BB5F165000E5811 /* SeamlessPay */,
			);
			productName = SeamlessPayDemo;
			productReference = 1C94042F23D3451700BC4697 /* Demo.app */;
			productType = "com.apple.product-type.application";
		};
/* End PBXNativeTarget section */

/* Begin PBXProject section */
		6003F582195388D10070C39A /* Project object */ = {
			isa = PBXProject;
			attributes = {
				CLASSPREFIX = SP;
				LastSwiftUpdateCheck = 1120;
				LastUpgradeCheck = 1320;
				ORGANIZATIONNAME = "info@seamlesspay.com";
				TargetAttributes = {
					1C94042E23D3451700BC4697 = {
						CreatedOnToolsVersion = 11.2.1;
						DevelopmentTeam = VVHY4NW744;
						LastSwiftMigration = 1430;
						ProvisioningStyle = Automatic;
					};
				};
			};
			buildConfigurationList = 6003F585195388D10070C39A /* Build configuration list for PBXProject "Demo" */;
			compatibilityVersion = "Xcode 3.2";
			developmentRegion = en;
			hasScannedForEncodings = 0;
			knownRegions = (
				en,
				Base,
			);
			mainGroup = 6003F581195388D10070C39A;
			packageReferences = (
				636896C82BB5F165000E5811 /* XCLocalSwiftPackageReference "../.." */,
			);
			productRefGroup = 6003F58B195388D20070C39A /* Products */;
			projectDirPath = "";
			projectRoot = "";
			targets = (
				1C94042E23D3451700BC4697 /* Demo */,
			);
		};
/* End PBXProject section */

/* Begin PBXResourcesBuildPhase section */
		1C94042D23D3451700BC4697 /* Resources */ = {
			isa = PBXResourcesBuildPhase;
			buildActionMask = 2147483647;
			files = (
				63BBDA7A2AED726600DD4267 /* Main.storyboard in Resources */,
				63BBDA792AED726600DD4267 /* Assets.xcassets in Resources */,
				63BBDA782AED726600DD4267 /* LaunchScreen.storyboard in Resources */,
			);
			runOnlyForDeploymentPostprocessing = 0;
		};
/* End PBXResourcesBuildPhase section */

/* Begin PBXShellScriptBuildPhase section */
		6386CE432AE0151A00372661 /* Run swiftformat */ = {
			isa = PBXShellScriptBuildPhase;
			buildActionMask = 2147483647;
			files = (
			);
			inputFileListPaths = (
			);
			inputPaths = (
			);
			name = "Run swiftformat";
			outputFileListPaths = (
			);
			outputPaths = (
			);
			runOnlyForDeploymentPostprocessing = 0;
			shellPath = /bin/sh;
			shellScript = "if [[ \"$(uname -m)\" == arm64 ]]; then\n    export PATH=\"/opt/homebrew/bin:$PATH\"\nfi\n\nif which swiftformat > /dev/null; then\n  swiftformat ../../ --lint --lenient --config ../../.swiftformat\nelse\n  echo \"SwiftFormat not installed, download from https://github.com/nicklockwood/SwiftFormat\"\nfi\n";
		};
		638E7B812AD2C6E600C2DADC /* Run SwiftLint */ = {
			isa = PBXShellScriptBuildPhase;
			buildActionMask = 2147483647;
			files = (
			);
			inputFileListPaths = (
			);
			inputPaths = (
			);
			name = "Run SwiftLint";
			outputFileListPaths = (
			);
			outputPaths = (
			);
			runOnlyForDeploymentPostprocessing = 0;
			shellPath = /bin/sh;
			shellScript = "cd \"$SRCROOT/..\"\nif [[ \"$(uname -m)\" == arm64 ]]; then\n    export PATH=\"/opt/homebrew/bin:$PATH\"\nfi\n\nif which swiftlint > /dev/null; then\n  swiftlint ../ --config ../.swiftlint.yml\nelse\n  echo \"SwiftLint not installed, download from https://github.com/realm/SwiftLint\"\nfi\n";
		};
/* End PBXShellScriptBuildPhase section */

/* Begin PBXSourcesBuildPhase section */
		1C94042B23D3451700BC4697 /* Sources */ = {
			isa = PBXSourcesBuildPhase;
			buildActionMask = 2147483647;
			files = (
				6388FB6A2BD2964100887A57 /* MultiLineCardFormVCContent.swift in Sources */,
				6388FB682BD295F500887A57 /* VCs.swift in Sources */,
				6383CB4E2AF6B05C00A115B9 /* SceneDelegate.swift in Sources */,
				6383CB4D2AF6B05800A115B9 /* AppDelegate.swift in Sources */,
				6384F1262AED71410038AE4D /* MasterViewController.m in Sources */,
				6384F11E2AED71410038AE4D /* DetailViewController.m in Sources */,
				6384F11C2AED71410038AE4D /* SingleLineCardFormVC.swift in Sources */,
				6384F11B2AED71410038AE4D /* DetailViewController+Swift.swift in Sources */,
				638437862BA7935E003403C1 /* SharedSeamlessPayAPIClient.swift in Sources */,
				6388FB6C2BD2965800887A57 /* SingleLineCardFormVCContent.swift in Sources */,
			);
			runOnlyForDeploymentPostprocessing = 0;
		};
/* End PBXSourcesBuildPhase section */

/* Begin XCBuildConfiguration section */
		1C94044923D3451C00BC4697 /* Debug */ = {
			isa = XCBuildConfiguration;
			buildSettings = {
				ASSETCATALOG_COMPILER_APPICON_NAME = AppIcon;
				CLANG_ANALYZER_NONNULL = YES;
				CLANG_ANALYZER_NUMBER_OBJECT_CONVERSION = YES_AGGRESSIVE;
				CLANG_CXX_LANGUAGE_STANDARD = "gnu++14";
				CLANG_ENABLE_MODULES = YES;
				CLANG_ENABLE_OBJC_WEAK = YES;
				CLANG_WARN_BLOCK_CAPTURE_AUTORELEASING = YES;
				CLANG_WARN_COMMA = YES;
				CLANG_WARN_DEPRECATED_OBJC_IMPLEMENTATIONS = YES;
				CLANG_WARN_DOCUMENTATION_COMMENTS = YES;
				CLANG_WARN_INFINITE_RECURSION = YES;
				CLANG_WARN_NON_LITERAL_NULL_CONVERSION = YES;
				CLANG_WARN_OBJC_IMPLICIT_RETAIN_SELF = YES;
				CLANG_WARN_OBJC_LITERAL_CONVERSION = YES;
				CLANG_WARN_RANGE_LOOP_ANALYSIS = YES;
				CLANG_WARN_STRICT_PROTOTYPES = YES;
				CLANG_WARN_SUSPICIOUS_MOVE = YES;
				CLANG_WARN_UNGUARDED_AVAILABILITY = YES_AGGRESSIVE;
				CLANG_WARN_UNREACHABLE_CODE = YES;
				CODE_SIGN_IDENTITY = "Apple Development";
				CODE_SIGN_STYLE = Automatic;
				DEBUG_INFORMATION_FORMAT = dwarf;
				DEVELOPMENT_TEAM = VVHY4NW744;
				ENABLE_STRICT_OBJC_MSGSEND = YES;
				GCC_C_LANGUAGE_STANDARD = gnu11;
				GCC_NO_COMMON_BLOCKS = YES;
				INFOPLIST_FILE = Info.plist;
				INFOPLIST_KEY_CFBundleDisplayName = SeamlessPayDemo;
				IPHONEOS_DEPLOYMENT_TARGET = 15.0;
				LD_RUNPATH_SEARCH_PATHS = (
					"$(inherited)",
					"@executable_path/Frameworks",
				);
				MTL_ENABLE_DEBUG_INFO = INCLUDE_SOURCE;
				MTL_FAST_MATH = YES;
				PRODUCT_BUNDLE_IDENTIFIER = com.seamlesspay.SeamlessPayDemo;
				PRODUCT_NAME = "$(TARGET_NAME)";
				PROVISIONING_PROFILE_SPECIFIER = "";
				SWIFT_OBJC_BRIDGING_HEADER = "Sources/SeamlessPayDemo-Bridging-Header.h";
				SWIFT_OPTIMIZATION_LEVEL = "-Onone";
				SWIFT_VERSION = 5.0;
				TARGETED_DEVICE_FAMILY = "1,2";
			};
			name = Debug;
		};
		1C94044A23D3451C00BC4697 /* Release */ = {
			isa = XCBuildConfiguration;
			buildSettings = {
				ASSETCATALOG_COMPILER_APPICON_NAME = AppIcon;
				CLANG_ANALYZER_NONNULL = YES;
				CLANG_ANALYZER_NUMBER_OBJECT_CONVERSION = YES_AGGRESSIVE;
				CLANG_CXX_LANGUAGE_STANDARD = "gnu++14";
				CLANG_ENABLE_MODULES = YES;
				CLANG_ENABLE_OBJC_WEAK = YES;
				CLANG_WARN_BLOCK_CAPTURE_AUTORELEASING = YES;
				CLANG_WARN_COMMA = YES;
				CLANG_WARN_DEPRECATED_OBJC_IMPLEMENTATIONS = YES;
				CLANG_WARN_DOCUMENTATION_COMMENTS = YES;
				CLANG_WARN_INFINITE_RECURSION = YES;
				CLANG_WARN_NON_LITERAL_NULL_CONVERSION = YES;
				CLANG_WARN_OBJC_IMPLICIT_RETAIN_SELF = YES;
				CLANG_WARN_OBJC_LITERAL_CONVERSION = YES;
				CLANG_WARN_RANGE_LOOP_ANALYSIS = YES;
				CLANG_WARN_STRICT_PROTOTYPES = YES;
				CLANG_WARN_SUSPICIOUS_MOVE = YES;
				CLANG_WARN_UNGUARDED_AVAILABILITY = YES_AGGRESSIVE;
				CLANG_WARN_UNREACHABLE_CODE = YES;
				CODE_SIGN_IDENTITY = "Apple Development";
				CODE_SIGN_STYLE = Automatic;
				COPY_PHASE_STRIP = NO;
				DEBUG_INFORMATION_FORMAT = "dwarf-with-dsym";
				DEVELOPMENT_TEAM = VVHY4NW744;
				ENABLE_STRICT_OBJC_MSGSEND = YES;
				GCC_C_LANGUAGE_STANDARD = gnu11;
				GCC_NO_COMMON_BLOCKS = YES;
				INFOPLIST_FILE = Info.plist;
				INFOPLIST_KEY_CFBundleDisplayName = SeamlessPayDemo;
				IPHONEOS_DEPLOYMENT_TARGET = 15.0;
				LD_RUNPATH_SEARCH_PATHS = (
					"$(inherited)",
					"@executable_path/Frameworks",
				);
				MTL_ENABLE_DEBUG_INFO = NO;
				MTL_FAST_MATH = YES;
				PRODUCT_BUNDLE_IDENTIFIER = com.seamlesspay.SeamlessPayDemo;
				PRODUCT_NAME = "$(TARGET_NAME)";
				PROVISIONING_PROFILE_SPECIFIER = "";
				SWIFT_OBJC_BRIDGING_HEADER = "Sources/SeamlessPayDemo-Bridging-Header.h";
				SWIFT_VERSION = 5.0;
				TARGETED_DEVICE_FAMILY = "1,2";
			};
			name = Release;
		};
		6003F5BD195388D20070C39A /* Debug */ = {
			isa = XCBuildConfiguration;
			buildSettings = {
				ALWAYS_SEARCH_USER_PATHS = NO;
				CLANG_ANALYZER_LOCALIZABILITY_NONLOCALIZED = YES;
				CLANG_CXX_LANGUAGE_STANDARD = "gnu++0x";
				CLANG_CXX_LIBRARY = "libc++";
				CLANG_ENABLE_MODULES = YES;
				CLANG_ENABLE_OBJC_ARC = YES;
				CLANG_WARN_BLOCK_CAPTURE_AUTORELEASING = YES;
				CLANG_WARN_BOOL_CONVERSION = YES;
				CLANG_WARN_COMMA = YES;
				CLANG_WARN_CONSTANT_CONVERSION = YES;
				CLANG_WARN_DEPRECATED_OBJC_IMPLEMENTATIONS = YES;
				CLANG_WARN_DIRECT_OBJC_ISA_USAGE = YES_ERROR;
				CLANG_WARN_EMPTY_BODY = YES;
				CLANG_WARN_ENUM_CONVERSION = YES;
				CLANG_WARN_INFINITE_RECURSION = YES;
				CLANG_WARN_INT_CONVERSION = YES;
				CLANG_WARN_NON_LITERAL_NULL_CONVERSION = YES;
				CLANG_WARN_OBJC_IMPLICIT_RETAIN_SELF = YES;
				CLANG_WARN_OBJC_LITERAL_CONVERSION = YES;
				CLANG_WARN_OBJC_ROOT_CLASS = YES_ERROR;
				CLANG_WARN_QUOTED_INCLUDE_IN_FRAMEWORK_HEADER = YES;
				CLANG_WARN_RANGE_LOOP_ANALYSIS = YES;
				CLANG_WARN_STRICT_PROTOTYPES = YES;
				CLANG_WARN_SUSPICIOUS_MOVE = YES;
				CLANG_WARN_UNREACHABLE_CODE = YES;
				CLANG_WARN__DUPLICATE_METHOD_MATCH = YES;
				"CODE_SIGN_IDENTITY[sdk=iphoneos*]" = "iPhone Developer";
				COPY_PHASE_STRIP = NO;
				ENABLE_STRICT_OBJC_MSGSEND = YES;
				ENABLE_TESTABILITY = YES;
				GCC_C_LANGUAGE_STANDARD = gnu99;
				GCC_DYNAMIC_NO_PIC = NO;
				GCC_NO_COMMON_BLOCKS = YES;
				GCC_OPTIMIZATION_LEVEL = 0;
				GCC_PREPROCESSOR_DEFINITIONS = (
					"DEBUG=1",
					"$(inherited)",
				);
				GCC_SYMBOLS_PRIVATE_EXTERN = NO;
				GCC_WARN_64_TO_32_BIT_CONVERSION = YES;
				GCC_WARN_ABOUT_RETURN_TYPE = YES_ERROR;
				GCC_WARN_UNDECLARED_SELECTOR = YES;
				GCC_WARN_UNINITIALIZED_AUTOS = YES_AGGRESSIVE;
				GCC_WARN_UNUSED_FUNCTION = YES;
				GCC_WARN_UNUSED_VARIABLE = YES;
				IPHONEOS_DEPLOYMENT_TARGET = 15.0;
				ONLY_ACTIVE_ARCH = YES;
				SDKROOT = iphoneos;
				TARGETED_DEVICE_FAMILY = "1,2";
			};
			name = Debug;
		};
		6003F5BE195388D20070C39A /* Release */ = {
			isa = XCBuildConfiguration;
			buildSettings = {
				ALWAYS_SEARCH_USER_PATHS = NO;
				CLANG_ANALYZER_LOCALIZABILITY_NONLOCALIZED = YES;
				CLANG_CXX_LANGUAGE_STANDARD = "gnu++0x";
				CLANG_CXX_LIBRARY = "libc++";
				CLANG_ENABLE_MODULES = YES;
				CLANG_ENABLE_OBJC_ARC = YES;
				CLANG_WARN_BLOCK_CAPTURE_AUTORELEASING = YES;
				CLANG_WARN_BOOL_CONVERSION = YES;
				CLANG_WARN_COMMA = YES;
				CLANG_WARN_CONSTANT_CONVERSION = YES;
				CLANG_WARN_DEPRECATED_OBJC_IMPLEMENTATIONS = YES;
				CLANG_WARN_DIRECT_OBJC_ISA_USAGE = YES_ERROR;
				CLANG_WARN_EMPTY_BODY = YES;
				CLANG_WARN_ENUM_CONVERSION = YES;
				CLANG_WARN_INFINITE_RECURSION = YES;
				CLANG_WARN_INT_CONVERSION = YES;
				CLANG_WARN_NON_LITERAL_NULL_CONVERSION = YES;
				CLANG_WARN_OBJC_IMPLICIT_RETAIN_SELF = YES;
				CLANG_WARN_OBJC_LITERAL_CONVERSION = YES;
				CLANG_WARN_OBJC_ROOT_CLASS = YES_ERROR;
				CLANG_WARN_QUOTED_INCLUDE_IN_FRAMEWORK_HEADER = YES;
				CLANG_WARN_RANGE_LOOP_ANALYSIS = YES;
				CLANG_WARN_STRICT_PROTOTYPES = YES;
				CLANG_WARN_SUSPICIOUS_MOVE = YES;
				CLANG_WARN_UNREACHABLE_CODE = YES;
				CLANG_WARN__DUPLICATE_METHOD_MATCH = YES;
				"CODE_SIGN_IDENTITY[sdk=iphoneos*]" = "iPhone Developer";
				COPY_PHASE_STRIP = YES;
				ENABLE_NS_ASSERTIONS = NO;
				ENABLE_STRICT_OBJC_MSGSEND = YES;
				GCC_C_LANGUAGE_STANDARD = gnu99;
				GCC_NO_COMMON_BLOCKS = YES;
				GCC_WARN_64_TO_32_BIT_CONVERSION = YES;
				GCC_WARN_ABOUT_RETURN_TYPE = YES_ERROR;
				GCC_WARN_UNDECLARED_SELECTOR = YES;
				GCC_WARN_UNINITIALIZED_AUTOS = YES_AGGRESSIVE;
				GCC_WARN_UNUSED_FUNCTION = YES;
				GCC_WARN_UNUSED_VARIABLE = YES;
				IPHONEOS_DEPLOYMENT_TARGET = 15.0;
				SDKROOT = iphoneos;
				SWIFT_COMPILATION_MODE = wholemodule;
				TARGETED_DEVICE_FAMILY = "1,2";
				VALIDATE_PRODUCT = YES;
			};
			name = Release;
		};
/* End XCBuildConfiguration section */

/* Begin XCConfigurationList section */
		1C94044823D3451C00BC4697 /* Build configuration list for PBXNativeTarget "Demo" */ = {
			isa = XCConfigurationList;
			buildConfigurations = (
				1C94044923D3451C00BC4697 /* Debug */,
				1C94044A23D3451C00BC4697 /* Release */,
			);
			defaultConfigurationIsVisible = 0;
			defaultConfigurationName = Release;
		};
		6003F585195388D10070C39A /* Build configuration list for PBXProject "Demo" */ = {
			isa = XCConfigurationList;
			buildConfigurations = (
				6003F5BD195388D20070C39A /* Debug */,
				6003F5BE195388D20070C39A /* Release */,
			);
			defaultConfigurationIsVisible = 0;
			defaultConfigurationName = Release;
		};
/* End XCConfigurationList section */

/* Begin XCLocalSwiftPackageReference section */
		636896C82BB5F165000E5811 /* XCLocalSwiftPackageReference "../.." */ = {
			isa = XCLocalSwiftPackageReference;
			relativePath = ../..;
		};
/* End XCLocalSwiftPackageReference section */

/* Begin XCSwiftPackageProductDependency section */
		636896C92BB5F165000E5811 /* SeamlessPay */ = {
			isa = XCSwiftPackageProductDependency;
			productName = SeamlessPay;
		};
/* End XCSwiftPackageProductDependency section */
	};
	rootObject = 6003F582195388D10070C39A /* Project object */;
}
