// !$*UTF8*$!
{
	archiveVersion = 1;
	classes = {
	};
	objectVersion = 46;
	objects = {

/* Begin PBXBuildFile section */
		630544302AED5FDE00B26BCD /* Base.lproj in Resources */ = {isa = PBXBuildFile; fileRef = 6305442D2AED5FDD00B26BCD /* Base.lproj */; };
		630544312AED5FDE00B26BCD /* Res in Resources */ = {isa = PBXBuildFile; fileRef = 6305442E2AED5FDD00B26BCD /* Res */; };
		6382A7EF2AED648D006D4265 /* Verification in Sources */ = {isa = PBXBuildFile; fileRef = 6382A7DC2AED648D006D4265 /* Verification */; };
		6382A7F02AED648D006D4265 /* SPChargeDetailView.swift in Sources */ = {isa = PBXBuildFile; fileRef = 6382A7DD2AED648D006D4265 /* SPChargeDetailView.swift */; };
		6382A7F12AED648D006D4265 /* MasterViewController.h in Sources */ = {isa = PBXBuildFile; fileRef = 6382A7DE2AED648D006D4265 /* MasterViewController.h */; };
		6382A7F22AED648D006D4265 /* SceneDelegate.h in Sources */ = {isa = PBXBuildFile; fileRef = 6382A7DF2AED648D006D4265 /* SceneDelegate.h */; };
		6382A7F32AED648D006D4265 /* SPErrorDetailView.swift in Sources */ = {isa = PBXBuildFile; fileRef = 6382A7E02AED648D006D4265 /* SPErrorDetailView.swift */; };
		6382A7F42AED648D006D4265 /* SwiftUIViewHostingControllerFactory.swift in Sources */ = {isa = PBXBuildFile; fileRef = 6382A7E12AED648D006D4265 /* SwiftUIViewHostingControllerFactory.swift */; };
		6382A7F52AED648D006D4265 /* VerificationView.swift in Sources */ = {isa = PBXBuildFile; fileRef = 6382A7E22AED648D006D4265 /* VerificationView.swift */; };
		6382A7F72AED648D006D4265 /* MasterViewController.m in Sources */ = {isa = PBXBuildFile; fileRef = 6382A7E42AED648D006D4265 /* MasterViewController.m */; };
		6382A7F82AED648D006D4265 /* PaymentViewControllerContainer.swift in Sources */ = {isa = PBXBuildFile; fileRef = 6382A7E52AED648D006D4265 /* PaymentViewControllerContainer.swift */; };
		6382A7F92AED648D006D4265 /* AppDelegate.h in Sources */ = {isa = PBXBuildFile; fileRef = 6382A7E62AED648D006D4265 /* AppDelegate.h */; };
		6382A7FA2AED648D006D4265 /* DetailViewController.m in Sources */ = {isa = PBXBuildFile; fileRef = 6382A7E72AED648D006D4265 /* DetailViewController.m */; };
		6382A7FB2AED648D006D4265 /* DetailViewController+Swift.swift in Sources */ = {isa = PBXBuildFile; fileRef = 6382A7E82AED648D006D4265 /* DetailViewController+Swift.swift */; };
		6382A7FC2AED648D006D4265 /* AppDelegate+Swift.swift in Sources */ = {isa = PBXBuildFile; fileRef = 6382A7E92AED648D006D4265 /* AppDelegate+Swift.swift */; };
		6382A7FD2AED648D006D4265 /* DetailViewController.h in Sources */ = {isa = PBXBuildFile; fileRef = 6382A7EA2AED648D006D4265 /* DetailViewController.h */; };
		6382A7FE2AED648D006D4265 /* SceneDelegate.m in Sources */ = {isa = PBXBuildFile; fileRef = 6382A7EB2AED648D006D4265 /* SceneDelegate.m */; };
		6382A7FF2AED648D006D4265 /* SeamlessPayDemo-Bridging-Header.h in Sources */ = {isa = PBXBuildFile; fileRef = 6382A7EC2AED648D006D4265 /* SeamlessPayDemo-Bridging-Header.h */; };
		6382A8002AED648D006D4265 /* AppDelegate.m in Sources */ = {isa = PBXBuildFile; fileRef = 6382A7ED2AED648D006D4265 /* AppDelegate.m */; };
		6382A8012AED648D006D4265 /* SPPaymentCardTextFieldSwift.swift in Sources */ = {isa = PBXBuildFile; fileRef = 6382A7EE2AED648D006D4265 /* SPPaymentCardTextFieldSwift.swift */; };
/* End PBXBuildFile section */

/* Begin PBXFileReference section */
		1C94042F23D3451700BC4697 /* Demo.app */ = {isa = PBXFileReference; explicitFileType = wrapper.application; includeInIndex = 0; path = Demo.app; sourceTree = BUILT_PRODUCTS_DIR; };
		6003F58D195388D20070C39A /* Foundation.framework */ = {isa = PBXFileReference; lastKnownFileType = wrapper.framework; name = Foundation.framework; path = System/Library/Frameworks/Foundation.framework; sourceTree = SDKROOT; };
		6003F58F195388D20070C39A /* CoreGraphics.framework */ = {isa = PBXFileReference; lastKnownFileType = wrapper.framework; name = CoreGraphics.framework; path = System/Library/Frameworks/CoreGraphics.framework; sourceTree = SDKROOT; };
		6003F591195388D20070C39A /* UIKit.framework */ = {isa = PBXFileReference; lastKnownFileType = wrapper.framework; name = UIKit.framework; path = System/Library/Frameworks/UIKit.framework; sourceTree = SDKROOT; };
		6305442D2AED5FDD00B26BCD /* Base.lproj */ = {isa = PBXFileReference; lastKnownFileType = folder; path = Base.lproj; sourceTree = "<group>"; };
		6305442E2AED5FDD00B26BCD /* Res */ = {isa = PBXFileReference; lastKnownFileType = folder; path = Res; sourceTree = "<group>"; };
		6382A7DC2AED648D006D4265 /* Verification */ = {isa = PBXFileReference; lastKnownFileType = folder; name = Verification; path = Sources/Verification; sourceTree = "<group>"; };
		6382A7DD2AED648D006D4265 /* SPChargeDetailView.swift */ = {isa = PBXFileReference; lastKnownFileType = sourcecode.swift; name = SPChargeDetailView.swift; path = Sources/Verification/SPChargeDetailView.swift; sourceTree = "<group>"; };
		6382A7DE2AED648D006D4265 /* MasterViewController.h */ = {isa = PBXFileReference; lastKnownFileType = sourcecode.c.h; name = MasterViewController.h; path = Sources/MasterViewController.h; sourceTree = "<group>"; };
		6382A7DF2AED648D006D4265 /* SceneDelegate.h */ = {isa = PBXFileReference; lastKnownFileType = sourcecode.c.h; name = SceneDelegate.h; path = Sources/SceneDelegate.h; sourceTree = "<group>"; };
		6382A7E02AED648D006D4265 /* SPErrorDetailView.swift */ = {isa = PBXFileReference; lastKnownFileType = sourcecode.swift; name = SPErrorDetailView.swift; path = Sources/Verification/SPErrorDetailView.swift; sourceTree = "<group>"; };
		6382A7E12AED648D006D4265 /* SwiftUIViewHostingControllerFactory.swift */ = {isa = PBXFileReference; lastKnownFileType = sourcecode.swift; name = SwiftUIViewHostingControllerFactory.swift; path = Sources/SwiftUIViewHostingControllerFactory.swift; sourceTree = "<group>"; };
		6382A7E22AED648D006D4265 /* VerificationView.swift */ = {isa = PBXFileReference; lastKnownFileType = sourcecode.swift; name = VerificationView.swift; path = Sources/Verification/VerificationView.swift; sourceTree = "<group>"; };
		6382A7E42AED648D006D4265 /* MasterViewController.m */ = {isa = PBXFileReference; lastKnownFileType = sourcecode.c.objc; name = MasterViewController.m; path = Sources/MasterViewController.m; sourceTree = "<group>"; };
		6382A7E52AED648D006D4265 /* PaymentViewControllerContainer.swift */ = {isa = PBXFileReference; lastKnownFileType = sourcecode.swift; name = PaymentViewControllerContainer.swift; path = Sources/PaymentViewControllerContainer.swift; sourceTree = "<group>"; };
		6382A7E62AED648D006D4265 /* AppDelegate.h */ = {isa = PBXFileReference; lastKnownFileType = sourcecode.c.h; name = AppDelegate.h; path = Sources/AppDelegate.h; sourceTree = "<group>"; };
		6382A7E72AED648D006D4265 /* DetailViewController.m */ = {isa = PBXFileReference; lastKnownFileType = sourcecode.c.objc; name = DetailViewController.m; path = Sources/DetailViewController.m; sourceTree = "<group>"; };
		6382A7E82AED648D006D4265 /* DetailViewController+Swift.swift */ = {isa = PBXFileReference; lastKnownFileType = sourcecode.swift; name = "DetailViewController+Swift.swift"; path = "Sources/DetailViewController+Swift.swift"; sourceTree = "<group>"; };
		6382A7E92AED648D006D4265 /* AppDelegate+Swift.swift */ = {isa = PBXFileReference; lastKnownFileType = sourcecode.swift; name = "AppDelegate+Swift.swift"; path = "Sources/AppDelegate+Swift.swift"; sourceTree = "<group>"; };
		6382A7EA2AED648D006D4265 /* DetailViewController.h */ = {isa = PBXFileReference; lastKnownFileType = sourcecode.c.h; name = DetailViewController.h; path = Sources/DetailViewController.h; sourceTree = "<group>"; };
		6382A7EB2AED648D006D4265 /* SceneDelegate.m */ = {isa = PBXFileReference; lastKnownFileType = sourcecode.c.objc; name = SceneDelegate.m; path = Sources/SceneDelegate.m; sourceTree = "<group>"; };
		6382A7EC2AED648D006D4265 /* SeamlessPayDemo-Bridging-Header.h */ = {isa = PBXFileReference; lastKnownFileType = sourcecode.c.h; name = "SeamlessPayDemo-Bridging-Header.h"; path = "Sources/SeamlessPayDemo-Bridging-Header.h"; sourceTree = "<group>"; };
		6382A7ED2AED648D006D4265 /* AppDelegate.m */ = {isa = PBXFileReference; lastKnownFileType = sourcecode.c.objc; name = AppDelegate.m; path = Sources/AppDelegate.m; sourceTree = "<group>"; };
		6382A7EE2AED648D006D4265 /* SPPaymentCardTextFieldSwift.swift */ = {isa = PBXFileReference; lastKnownFileType = sourcecode.swift; name = SPPaymentCardTextFieldSwift.swift; path = Sources/SPPaymentCardTextFieldSwift.swift; sourceTree = "<group>"; };
/* End PBXFileReference section */

/* Begin PBXFrameworksBuildPhase section */
		1C94042C23D3451700BC4697 /* Frameworks */ = {
			isa = PBXFrameworksBuildPhase;
			buildActionMask = 2147483647;
			files = (
			);
			runOnlyForDeploymentPostprocessing = 0;
		};
/* End PBXFrameworksBuildPhase section */

/* Begin PBXGroup section */
		6003F581195388D10070C39A = {
			isa = PBXGroup;
			children = (
				6382A7E62AED648D006D4265 /* AppDelegate.h */,
				6382A7ED2AED648D006D4265 /* AppDelegate.m */,
				6382A7E92AED648D006D4265 /* AppDelegate+Swift.swift */,
				6382A7EA2AED648D006D4265 /* DetailViewController.h */,
				6382A7E72AED648D006D4265 /* DetailViewController.m */,
				6382A7E82AED648D006D4265 /* DetailViewController+Swift.swift */,
				6382A7DE2AED648D006D4265 /* MasterViewController.h */,
				6382A7E42AED648D006D4265 /* MasterViewController.m */,
				6382A7E52AED648D006D4265 /* PaymentViewControllerContainer.swift */,
				6382A7DF2AED648D006D4265 /* SceneDelegate.h */,
				6382A7EB2AED648D006D4265 /* SceneDelegate.m */,
				6382A7EC2AED648D006D4265 /* SeamlessPayDemo-Bridging-Header.h */,
				6382A7DD2AED648D006D4265 /* SPChargeDetailView.swift */,
				6382A7E02AED648D006D4265 /* SPErrorDetailView.swift */,
				6382A7EE2AED648D006D4265 /* SPPaymentCardTextFieldSwift.swift */,
				6382A7E12AED648D006D4265 /* SwiftUIViewHostingControllerFactory.swift */,
				6382A7DC2AED648D006D4265 /* Verification */,
				6382A7E22AED648D006D4265 /* VerificationView.swift */,
				6305442D2AED5FDD00B26BCD /* Base.lproj */,
				6305442E2AED5FDD00B26BCD /* Res */,
				6003F58C195388D20070C39A /* Frameworks */,
				6003F58B195388D20070C39A /* Products */,
			);
			sourceTree = "<group>";
		};
		6003F58B195388D20070C39A /* Products */ = {
			isa = PBXGroup;
			children = (
				1C94042F23D3451700BC4697 /* Demo.app */,
			);
			name = Products;
			sourceTree = "<group>";
		};
		6003F58C195388D20070C39A /* Frameworks */ = {
			isa = PBXGroup;
			children = (
				6003F58D195388D20070C39A /* Foundation.framework */,
				6003F58F195388D20070C39A /* CoreGraphics.framework */,
				6003F591195388D20070C39A /* UIKit.framework */,
			);
			name = Frameworks;
			sourceTree = "<group>";
		};
/* End PBXGroup section */

/* Begin PBXNativeTarget section */
		1C94042E23D3451700BC4697 /* Demo */ = {
			isa = PBXNativeTarget;
			buildConfigurationList = 1C94044823D3451C00BC4697 /* Build configuration list for PBXNativeTarget "Demo" */;
			buildPhases = (
				638E7B812AD2C6E600C2DADC /* Run SwiftLint */,
				6386CE432AE0151A00372661 /* Run swiftformat */,
				1C94042B23D3451700BC4697 /* Sources */,
				1C94042C23D3451700BC4697 /* Frameworks */,
				1C94042D23D3451700BC4697 /* Resources */,
			);
			buildRules = (
			);
			dependencies = (
			);
			name = Demo;
			productName = SeamlessPayDemo;
			productReference = 1C94042F23D3451700BC4697 /* Demo.app */;
			productType = "com.apple.product-type.application";
		};
/* End PBXNativeTarget section */

/* Begin PBXProject section */
		6003F582195388D10070C39A /* Project object */ = {
			isa = PBXProject;
			attributes = {
				CLASSPREFIX = SP;
				LastSwiftUpdateCheck = 1120;
				LastUpgradeCheck = 1320;
				ORGANIZATIONNAME = "info@seamlesspay.com";
				TargetAttributes = {
					1C94042E23D3451700BC4697 = {
						CreatedOnToolsVersion = 11.2.1;
						DevelopmentTeam = VVHY4NW744;
						LastSwiftMigration = 1430;
						ProvisioningStyle = Automatic;
					};
				};
			};
			buildConfigurationList = 6003F585195388D10070C39A /* Build configuration list for PBXProject "Demo" */;
			compatibilityVersion = "Xcode 3.2";
			developmentRegion = en;
			hasScannedForEncodings = 0;
			knownRegions = (
				en,
				Base,
			);
			mainGroup = 6003F581195388D10070C39A;
			productRefGroup = 6003F58B195388D20070C39A /* Products */;
			projectDirPath = "";
			projectRoot = "";
			targets = (
				1C94042E23D3451700BC4697 /* Demo */,
			);
		};
/* End PBXProject section */

/* Begin PBXResourcesBuildPhase section */
		1C94042D23D3451700BC4697 /* Resources */ = {
			isa = PBXResourcesBuildPhase;
			buildActionMask = 2147483647;
			files = (
				630544312AED5FDE00B26BCD /* Res in Resources */,
				630544302AED5FDE00B26BCD /* Base.lproj in Resources */,
			);
			runOnlyForDeploymentPostprocessing = 0;
		};
/* End PBXResourcesBuildPhase section */

/* Begin PBXShellScriptBuildPhase section */
		6386CE432AE0151A00372661 /* Run swiftformat */ = {
			isa = PBXShellScriptBuildPhase;
			buildActionMask = 2147483647;
			files = (
			);
			inputFileListPaths = (
			);
			inputPaths = (
			);
			name = "Run swiftformat";
			outputFileListPaths = (
			);
			outputPaths = (
			);
			runOnlyForDeploymentPostprocessing = 0;
			shellPath = /bin/sh;
			shellScript = "if [[ \"$(uname -m)\" == arm64 ]]; then\n    export PATH=\"/opt/homebrew/bin:$PATH\"\nfi\n\nif which swiftformat > /dev/null; then\n  swiftformat --lint --lenient ../\nelse\n  echo \"warning: SwiftFormat not installed, download from https://github.com/nicklockwood/SwiftFormat\"\nfi\n";
		};
		638E7B812AD2C6E600C2DADC /* Run SwiftLint */ = {
			isa = PBXShellScriptBuildPhase;
			buildActionMask = 2147483647;
			files = (
			);
			inputFileListPaths = (
			);
			inputPaths = (
			);
			name = "Run SwiftLint";
			outputFileListPaths = (
			);
			outputPaths = (
			);
			runOnlyForDeploymentPostprocessing = 0;
			shellPath = /bin/sh;
			shellScript = "cd \"$SRCROOT/..\"\nif [[ \"$(uname -m)\" == arm64 ]]; then\n    export PATH=\"/opt/homebrew/bin:$PATH\"\nfi\n\nif which swiftlint > /dev/null; then\n  swiftlint\nelse\n  echo \"warning: SwiftLint not installed, download from https://github.com/realm/SwiftLint\"\nfi\n";
		};
/* End PBXShellScriptBuildPhase section */

/* Begin PBXSourcesBuildPhase section */
		1C94042B23D3451700BC4697 /* Sources */ = {
			isa = PBXSourcesBuildPhase;
			buildActionMask = 2147483647;
			files = (
				6382A7EF2AED648D006D4265 /* Verification in Sources */,
				6382A7F02AED648D006D4265 /* SPChargeDetailView.swift in Sources */,
				6382A7F12AED648D006D4265 /* MasterViewController.h in Sources */,
				6382A7F22AED648D006D4265 /* SceneDelegate.h in Sources */,
				6382A7F32AED648D006D4265 /* SPErrorDetailView.swift in Sources */,
				6382A7F42AED648D006D4265 /* SwiftUIViewHostingControllerFactory.swift in Sources */,
				6382A7F52AED648D006D4265 /* VerificationView.swift in Sources */,
				6382A7F72AED648D006D4265 /* MasterViewController.m in Sources */,
				6382A7F82AED648D006D4265 /* PaymentViewControllerContainer.swift in Sources */,
				6382A7F92AED648D006D4265 /* AppDelegate.h in Sources */,
				6382A7FA2AED648D006D4265 /* DetailViewController.m in Sources */,
				6382A7FB2AED648D006D4265 /* DetailViewController+Swift.swift in Sources */,
				6382A7FC2AED648D006D4265 /* AppDelegate+Swift.swift in Sources */,
				6382A7FD2AED648D006D4265 /* DetailViewController.h in Sources */,
				6382A7FE2AED648D006D4265 /* SceneDelegate.m in Sources */,
				6382A7FF2AED648D006D4265 /* SeamlessPayDemo-Bridging-Header.h in Sources */,
				6382A8002AED648D006D4265 /* AppDelegate.m in Sources */,
				6382A8012AED648D006D4265 /* SPPaymentCardTextFieldSwift.swift in Sources */,
			);
			runOnlyForDeploymentPostprocessing = 0;
		};
/* End PBXSourcesBuildPhase section */

/* Begin XCBuildConfiguration section */
		1C94044923D3451C00BC4697 /* Debug */ = {
			isa = XCBuildConfiguration;
			buildSettings = {
				ASSETCATALOG_COMPILER_APPICON_NAME = AppIcon;
				CLANG_ANALYZER_NONNULL = YES;
				CLANG_ANALYZER_NUMBER_OBJECT_CONVERSION = YES_AGGRESSIVE;
				CLANG_CXX_LANGUAGE_STANDARD = "gnu++14";
				CLANG_ENABLE_MODULES = YES;
				CLANG_ENABLE_OBJC_WEAK = YES;
				CLANG_WARN_BLOCK_CAPTURE_AUTORELEASING = YES;
				CLANG_WARN_COMMA = YES;
				CLANG_WARN_DEPRECATED_OBJC_IMPLEMENTATIONS = YES;
				CLANG_WARN_DOCUMENTATION_COMMENTS = YES;
				CLANG_WARN_INFINITE_RECURSION = YES;
				CLANG_WARN_NON_LITERAL_NULL_CONVERSION = YES;
				CLANG_WARN_OBJC_IMPLICIT_RETAIN_SELF = YES;
				CLANG_WARN_OBJC_LITERAL_CONVERSION = YES;
				CLANG_WARN_RANGE_LOOP_ANALYSIS = YES;
				CLANG_WARN_STRICT_PROTOTYPES = YES;
				CLANG_WARN_SUSPICIOUS_MOVE = YES;
				CLANG_WARN_UNGUARDED_AVAILABILITY = YES_AGGRESSIVE;
				CLANG_WARN_UNREACHABLE_CODE = YES;
				CODE_SIGN_IDENTITY = "Apple Development";
				CODE_SIGN_STYLE = Automatic;
				DEBUG_INFORMATION_FORMAT = dwarf;
				DEVELOPMENT_TEAM = VVHY4NW744;
				ENABLE_STRICT_OBJC_MSGSEND = YES;
				GCC_C_LANGUAGE_STANDARD = gnu11;
				GCC_NO_COMMON_BLOCKS = YES;
				INFOPLIST_FILE = Res/Info.plist;
				INFOPLIST_KEY_CFBundleDisplayName = SeamlessPayDemo;
				IPHONEOS_DEPLOYMENT_TARGET = 15.0;
				LD_RUNPATH_SEARCH_PATHS = "$(inherited) @executable_path/Frameworks";
				MTL_ENABLE_DEBUG_INFO = INCLUDE_SOURCE;
				MTL_FAST_MATH = YES;
				PRODUCT_BUNDLE_IDENTIFIER = com.seamlesspay.core.SeamlessPayDemo;
				PRODUCT_NAME = "$(TARGET_NAME)";
				PROVISIONING_PROFILE_SPECIFIER = "";
				SWIFT_OBJC_BRIDGING_HEADER = "SeamlessPayDemo/SeamlessPayDemo-Bridging-Header.h";
				SWIFT_OPTIMIZATION_LEVEL = "-Onone";
				SWIFT_VERSION = 5.0;
				TARGETED_DEVICE_FAMILY = "1,2";
			};
			name = Debug;
		};
		1C94044A23D3451C00BC4697 /* Release */ = {
			isa = XCBuildConfiguration;
			buildSettings = {
				ASSETCATALOG_COMPILER_APPICON_NAME = AppIcon;
				CLANG_ANALYZER_NONNULL = YES;
				CLANG_ANALYZER_NUMBER_OBJECT_CONVERSION = YES_AGGRESSIVE;
				CLANG_CXX_LANGUAGE_STANDARD = "gnu++14";
				CLANG_ENABLE_MODULES = YES;
				CLANG_ENABLE_OBJC_WEAK = YES;
				CLANG_WARN_BLOCK_CAPTURE_AUTORELEASING = YES;
				CLANG_WARN_COMMA = YES;
				CLANG_WARN_DEPRECATED_OBJC_IMPLEMENTATIONS = YES;
				CLANG_WARN_DOCUMENTATION_COMMENTS = YES;
				CLANG_WARN_INFINITE_RECURSION = YES;
				CLANG_WARN_NON_LITERAL_NULL_CONVERSION = YES;
				CLANG_WARN_OBJC_IMPLICIT_RETAIN_SELF = YES;
				CLANG_WARN_OBJC_LITERAL_CONVERSION = YES;
				CLANG_WARN_RANGE_LOOP_ANALYSIS = YES;
				CLANG_WARN_STRICT_PROTOTYPES = YES;
				CLANG_WARN_SUSPICIOUS_MOVE = YES;
				CLANG_WARN_UNGUARDED_AVAILABILITY = YES_AGGRESSIVE;
				CLANG_WARN_UNREACHABLE_CODE = YES;
				CODE_SIGN_IDENTITY = "Apple Development";
				CODE_SIGN_STYLE = Automatic;
				COPY_PHASE_STRIP = NO;
				DEBUG_INFORMATION_FORMAT = "dwarf-with-dsym";
				DEVELOPMENT_TEAM = VVHY4NW744;
				ENABLE_STRICT_OBJC_MSGSEND = YES;
				GCC_C_LANGUAGE_STANDARD = gnu11;
				GCC_NO_COMMON_BLOCKS = YES;
				INFOPLIST_FILE = Res/Info.plist;
				INFOPLIST_KEY_CFBundleDisplayName = SeamlessPayDemo;
				IPHONEOS_DEPLOYMENT_TARGET = 15.0;
				LD_RUNPATH_SEARCH_PATHS = "$(inherited) @executable_path/Frameworks";
				MTL_ENABLE_DEBUG_INFO = NO;
				MTL_FAST_MATH = YES;
				PRODUCT_BUNDLE_IDENTIFIER = com.seamlesspay.core.SeamlessPayDemo;
				PRODUCT_NAME = "$(TARGET_NAME)";
				PROVISIONING_PROFILE_SPECIFIER = "";
				SWIFT_OBJC_BRIDGING_HEADER = "SeamlessPayDemo/SeamlessPayDemo-Bridging-Header.h";
				SWIFT_VERSION = 5.0;
				TARGETED_DEVICE_FAMILY = "1,2";
			};
			name = Release;
		};
		6003F5BD195388D20070C39A /* Debug */ = {
			isa = XCBuildConfiguration;
			buildSettings = {
				ALWAYS_SEARCH_USER_PATHS = NO;
				CLANG_ANALYZER_LOCALIZABILITY_NONLOCALIZED = YES;
				CLANG_CXX_LANGUAGE_STANDARD = "gnu++0x";
				CLANG_CXX_LIBRARY = "libc++";
				CLANG_ENABLE_MODULES = YES;
				CLANG_ENABLE_OBJC_ARC = YES;
				CLANG_WARN_BLOCK_CAPTURE_AUTORELEASING = YES;
				CLANG_WARN_BOOL_CONVERSION = YES;
				CLANG_WARN_COMMA = YES;
				CLANG_WARN_CONSTANT_CONVERSION = YES;
				CLANG_WARN_DEPRECATED_OBJC_IMPLEMENTATIONS = YES;
				CLANG_WARN_DIRECT_OBJC_ISA_USAGE = YES_ERROR;
				CLANG_WARN_EMPTY_BODY = YES;
				CLANG_WARN_ENUM_CONVERSION = YES;
				CLANG_WARN_INFINITE_RECURSION = YES;
				CLANG_WARN_INT_CONVERSION = YES;
				CLANG_WARN_NON_LITERAL_NULL_CONVERSION = YES;
				CLANG_WARN_OBJC_IMPLICIT_RETAIN_SELF = YES;
				CLANG_WARN_OBJC_LITERAL_CONVERSION = YES;
				CLANG_WARN_OBJC_ROOT_CLASS = YES_ERROR;
				CLANG_WARN_QUOTED_INCLUDE_IN_FRAMEWORK_HEADER = YES;
				CLANG_WARN_RANGE_LOOP_ANALYSIS = YES;
				CLANG_WARN_STRICT_PROTOTYPES = YES;
				CLANG_WARN_SUSPICIOUS_MOVE = YES;
				CLANG_WARN_UNREACHABLE_CODE = YES;
				CLANG_WARN__DUPLICATE_METHOD_MATCH = YES;
				"CODE_SIGN_IDENTITY[sdk=iphoneos*]" = "iPhone Developer";
				COPY_PHASE_STRIP = NO;
				ENABLE_STRICT_OBJC_MSGSEND = YES;
				ENABLE_TESTABILITY = YES;
				GCC_C_LANGUAGE_STANDARD = gnu99;
				GCC_DYNAMIC_NO_PIC = NO;
				GCC_NO_COMMON_BLOCKS = YES;
				GCC_OPTIMIZATION_LEVEL = 0;
				GCC_PREPROCESSOR_DEFINITIONS = (
					"DEBUG=1",
					"$(inherited)",
				);
				GCC_SYMBOLS_PRIVATE_EXTERN = NO;
				GCC_WARN_64_TO_32_BIT_CONVERSION = YES;
				GCC_WARN_ABOUT_RETURN_TYPE = YES_ERROR;
				GCC_WARN_UNDECLARED_SELECTOR = YES;
				GCC_WARN_UNINITIALIZED_AUTOS = YES_AGGRESSIVE;
				GCC_WARN_UNUSED_FUNCTION = YES;
				GCC_WARN_UNUSED_VARIABLE = YES;
				IPHONEOS_DEPLOYMENT_TARGET = 15.0;
				ONLY_ACTIVE_ARCH = YES;
				SDKROOT = iphoneos;
				TARGETED_DEVICE_FAMILY = "1,2";
			};
			name = Debug;
		};
		6003F5BE195388D20070C39A /* Release */ = {
			isa = XCBuildConfiguration;
			buildSettings = {
				ALWAYS_SEARCH_USER_PATHS = NO;
				CLANG_ANALYZER_LOCALIZABILITY_NONLOCALIZED = YES;
				CLANG_CXX_LANGUAGE_STANDARD = "gnu++0x";
				CLANG_CXX_LIBRARY = "libc++";
				CLANG_ENABLE_MODULES = YES;
				CLANG_ENABLE_OBJC_ARC = YES;
				CLANG_WARN_BLOCK_CAPTURE_AUTORELEASING = YES;
				CLANG_WARN_BOOL_CONVERSION = YES;
				CLANG_WARN_COMMA = YES;
				CLANG_WARN_CONSTANT_CONVERSION = YES;
				CLANG_WARN_DEPRECATED_OBJC_IMPLEMENTATIONS = YES;
				CLANG_WARN_DIRECT_OBJC_ISA_USAGE = YES_ERROR;
				CLANG_WARN_EMPTY_BODY = YES;
				CLANG_WARN_ENUM_CONVERSION = YES;
				CLANG_WARN_INFINITE_RECURSION = YES;
				CLANG_WARN_INT_CONVERSION = YES;
				CLANG_WARN_NON_LITERAL_NULL_CONVERSION = YES;
				CLANG_WARN_OBJC_IMPLICIT_RETAIN_SELF = YES;
				CLANG_WARN_OBJC_LITERAL_CONVERSION = YES;
				CLANG_WARN_OBJC_ROOT_CLASS = YES_ERROR;
				CLANG_WARN_QUOTED_INCLUDE_IN_FRAMEWORK_HEADER = YES;
				CLANG_WARN_RANGE_LOOP_ANALYSIS = YES;
				CLANG_WARN_STRICT_PROTOTYPES = YES;
				CLANG_WARN_SUSPICIOUS_MOVE = YES;
				CLANG_WARN_UNREACHABLE_CODE = YES;
				CLANG_WARN__DUPLICATE_METHOD_MATCH = YES;
				"CODE_SIGN_IDENTITY[sdk=iphoneos*]" = "iPhone Developer";
				COPY_PHASE_STRIP = YES;
				ENABLE_NS_ASSERTIONS = NO;
				ENABLE_STRICT_OBJC_MSGSEND = YES;
				GCC_C_LANGUAGE_STANDARD = gnu99;
				GCC_NO_COMMON_BLOCKS = YES;
				GCC_WARN_64_TO_32_BIT_CONVERSION = YES;
				GCC_WARN_ABOUT_RETURN_TYPE = YES_ERROR;
				GCC_WARN_UNDECLARED_SELECTOR = YES;
				GCC_WARN_UNINITIALIZED_AUTOS = YES_AGGRESSIVE;
				GCC_WARN_UNUSED_FUNCTION = YES;
				GCC_WARN_UNUSED_VARIABLE = YES;
				IPHONEOS_DEPLOYMENT_TARGET = 15.0;
				SDKROOT = iphoneos;
				SWIFT_COMPILATION_MODE = wholemodule;
				TARGETED_DEVICE_FAMILY = "1,2";
				VALIDATE_PRODUCT = YES;
			};
			name = Release;
		};
/* End XCBuildConfiguration section */

/* Begin XCConfigurationList section */
		1C94044823D3451C00BC4697 /* Build configuration list for PBXNativeTarget "Demo" */ = {
			isa = XCConfigurationList;
			buildConfigurations = (
				1C94044923D3451C00BC4697 /* Debug */,
				1C94044A23D3451C00BC4697 /* Release */,
			);
			defaultConfigurationIsVisible = 0;
			defaultConfigurationName = Release;
		};
		6003F585195388D10070C39A /* Build configuration list for PBXProject "Demo" */ = {
			isa = XCConfigurationList;
			buildConfigurations = (
				6003F5BD195388D20070C39A /* Debug */,
				6003F5BE195388D20070C39A /* Release */,
			);
			defaultConfigurationIsVisible = 0;
			defaultConfigurationName = Release;
		};
/* End XCConfigurationList section */
	};
	rootObject = 6003F582195388D10070C39A /* Project object */;
}
