// !$*UTF8*$!
{
	archiveVersion = 1;
	classes = {
	};
	objectVersion = 50;
	objects = {

/* Begin PBXBuildFile section */
		1CB2975E23C35F0100063FCA /* AppDelegate.m in Sources */ = {isa = PBXBuildFile; fileRef = 1CB2975D23C35F0100063FCA /* AppDelegate.m */; };
		1CB2976123C35F0100063FCA /* SceneDelegate.m in Sources */ = {isa = PBXBuildFile; fileRef = 1CB2976023C35F0100063FCA /* SceneDelegate.m */; };
		1CB2976423C35F0100063FCA /* MasterViewController.m in Sources */ = {isa = PBXBuildFile; fileRef = 1CB2976323C35F0100063FCA /* MasterViewController.m */; };
		1CB2976723C35F0100063FCA /* DetailViewController.m in Sources */ = {isa = PBXBuildFile; fileRef = 1CB2976623C35F0100063FCA /* DetailViewController.m */; };
		1CB2976A23C35F0100063FCA /* Main.storyboard in Resources */ = {isa = PBXBuildFile; fileRef = 1CB2976823C35F0100063FCA /* Main.storyboard */; };
		1CB2976C23C35F0C00063FCA /* Assets.xcassets in Resources */ = {isa = PBXBuildFile; fileRef = 1CB2976B23C35F0C00063FCA /* Assets.xcassets */; };
		1CB2976F23C35F0C00063FCA /* LaunchScreen.storyboard in Resources */ = {isa = PBXBuildFile; fileRef = 1CB2976D23C35F0C00063FCA /* LaunchScreen.storyboard */; };
		1CB2977223C35F0C00063FCA /* main.m in Sources */ = {isa = PBXBuildFile; fileRef = 1CB2977123C35F0C00063FCA /* main.m */; };
		DE72331E23CE1F1A00C3B169 /* SeamlessPayCore.framework in Frameworks */ = {isa = PBXBuildFile; fileRef = DE72331823CE1DFF00C3B169 /* SeamlessPayCore.framework */; };
		DEA933FA23D0CBFA00F40210 /* SeamlessPayCore.framework in Resources */ = {isa = PBXBuildFile; fileRef = DE72331823CE1DFF00C3B169 /* SeamlessPayCore.framework */; };
/* End PBXBuildFile section */

/* Begin PBXContainerItemProxy section */
		DE72331723CE1DFF00C3B169 /* PBXContainerItemProxy */ = {
			isa = PBXContainerItemProxy;
			containerPortal = DE72331323CE1DFF00C3B169 /* SeamlessPayCore.xcodeproj */;
			proxyType = 2;
			remoteGlobalIDString = 1CD82BBF23CCD204001C7EAC;
			remoteInfo = SeamlessPayCore;
		};
		DE72331A23CE1F0E00C3B169 /* PBXContainerItemProxy */ = {
			isa = PBXContainerItemProxy;
			containerPortal = DE72331323CE1DFF00C3B169 /* SeamlessPayCore.xcodeproj */;
			proxyType = 1;
			remoteGlobalIDString = 1CD82BBE23CCD204001C7EAC;
			remoteInfo = SeamlessPayCore;
		};
/* End PBXContainerItemProxy section */

/* Begin PBXFileReference section */
		1CB2975923C35F0100063FCA /* SeamlessPay.app */ = {isa = PBXFileReference; explicitFileType = wrapper.application; includeInIndex = 0; path = SeamlessPay.app; sourceTree = BUILT_PRODUCTS_DIR; };
		1CB2975C23C35F0100063FCA /* AppDelegate.h */ = {isa = PBXFileReference; lastKnownFileType = sourcecode.c.h; path = AppDelegate.h; sourceTree = "<group>"; };
		1CB2975D23C35F0100063FCA /* AppDelegate.m */ = {isa = PBXFileReference; lastKnownFileType = sourcecode.c.objc; path = AppDelegate.m; sourceTree = "<group>"; };
		1CB2975F23C35F0100063FCA /* SceneDelegate.h */ = {isa = PBXFileReference; lastKnownFileType = sourcecode.c.h; path = SceneDelegate.h; sourceTree = "<group>"; };
		1CB2976023C35F0100063FCA /* SceneDelegate.m */ = {isa = PBXFileReference; lastKnownFileType = sourcecode.c.objc; path = SceneDelegate.m; sourceTree = "<group>"; };
		1CB2976223C35F0100063FCA /* MasterViewController.h */ = {isa = PBXFileReference; lastKnownFileType = sourcecode.c.h; path = MasterViewController.h; sourceTree = "<group>"; };
		1CB2976323C35F0100063FCA /* MasterViewController.m */ = {isa = PBXFileReference; lastKnownFileType = sourcecode.c.objc; path = MasterViewController.m; sourceTree = "<group>"; };
		1CB2976523C35F0100063FCA /* DetailViewController.h */ = {isa = PBXFileReference; lastKnownFileType = sourcecode.c.h; path = DetailViewController.h; sourceTree = "<group>"; };
		1CB2976623C35F0100063FCA /* DetailViewController.m */ = {isa = PBXFileReference; lastKnownFileType = sourcecode.c.objc; path = DetailViewController.m; sourceTree = "<group>"; };
		1CB2976923C35F0100063FCA /* Base */ = {isa = PBXFileReference; lastKnownFileType = file.storyboard; name = Base; path = Base.lproj/Main.storyboard; sourceTree = "<group>"; };
		1CB2976B23C35F0C00063FCA /* Assets.xcassets */ = {isa = PBXFileReference; lastKnownFileType = folder.assetcatalog; path = Assets.xcassets; sourceTree = "<group>"; };
		1CB2976E23C35F0C00063FCA /* Base */ = {isa = PBXFileReference; lastKnownFileType = file.storyboard; name = Base; path = Base.lproj/LaunchScreen.storyboard; sourceTree = "<group>"; };
		1CB2977023C35F0C00063FCA /* Info.plist */ = {isa = PBXFileReference; lastKnownFileType = text.plist.xml; path = Info.plist; sourceTree = "<group>"; };
		1CB2977123C35F0C00063FCA /* main.m */ = {isa = PBXFileReference; lastKnownFileType = sourcecode.c.objc; path = main.m; sourceTree = "<group>"; };
		DE72331323CE1DFF00C3B169 /* SeamlessPayCore.xcodeproj */ = {isa = PBXFileReference; lastKnownFileType = "wrapper.pb-project"; name = SeamlessPayCore.xcodeproj; path = ../SeamlessPayCoreFramework/SeamlessPayCore/SeamlessPayCore.xcodeproj; sourceTree = "<group>"; };
/* End PBXFileReference section */

/* Begin PBXFrameworksBuildPhase section */
		1CB2975623C35F0100063FCA /* Frameworks */ = {
			isa = PBXFrameworksBuildPhase;
			buildActionMask = 2147483647;
			files = (
				DE72331E23CE1F1A00C3B169 /* SeamlessPayCore.framework in Frameworks */,
			);
			runOnlyForDeploymentPostprocessing = 0;
		};
/* End PBXFrameworksBuildPhase section */

/* Begin PBXGroup section */
		1CB2975023C35F0100063FCA = {
			isa = PBXGroup;
			children = (
				DE72331323CE1DFF00C3B169 /* SeamlessPayCore.xcodeproj */,
				1CB2975B23C35F0100063FCA /* SeamlessPay */,
				1CB2975A23C35F0100063FCA /* Products */,
				DE72331D23CE1F1A00C3B169 /* Frameworks */,
			);
			sourceTree = "<group>";
		};
		1CB2975A23C35F0100063FCA /* Products */ = {
			isa = PBXGroup;
			children = (
				1CB2975923C35F0100063FCA /* SeamlessPay.app */,
			);
			name = Products;
			sourceTree = "<group>";
		};
		1CB2975B23C35F0100063FCA /* SeamlessPay */ = {
			isa = PBXGroup;
			children = (
				1CB2975C23C35F0100063FCA /* AppDelegate.h */,
				1CB2975D23C35F0100063FCA /* AppDelegate.m */,
				1CB2975F23C35F0100063FCA /* SceneDelegate.h */,
				1CB2976023C35F0100063FCA /* SceneDelegate.m */,
				1CB2976223C35F0100063FCA /* MasterViewController.h */,
				1CB2976323C35F0100063FCA /* MasterViewController.m */,
				1CB2976523C35F0100063FCA /* DetailViewController.h */,
				1CB2976623C35F0100063FCA /* DetailViewController.m */,
				1CB2976823C35F0100063FCA /* Main.storyboard */,
				1CB2976B23C35F0C00063FCA /* Assets.xcassets */,
				1CB2976D23C35F0C00063FCA /* LaunchScreen.storyboard */,
				1CB2977023C35F0C00063FCA /* Info.plist */,
				1CB2977123C35F0C00063FCA /* main.m */,
			);
			path = SeamlessPay;
			sourceTree = "<group>";
		};
		DE72331423CE1DFF00C3B169 /* Products */ = {
			isa = PBXGroup;
			children = (
				DE72331823CE1DFF00C3B169 /* SeamlessPayCore.framework */,
			);
			name = Products;
			sourceTree = "<group>";
		};
		DE72331D23CE1F1A00C3B169 /* Frameworks */ = {
			isa = PBXGroup;
			children = (
			);
			name = Frameworks;
			sourceTree = "<group>";
		};
/* End PBXGroup section */

/* Begin PBXNativeTarget section */
		1CB2975823C35F0100063FCA /* SeamlessPay */ = {
			isa = PBXNativeTarget;
			buildConfigurationList = 1CB2977523C35F0C00063FCA /* Build configuration list for PBXNativeTarget "SeamlessPay" */;
			buildPhases = (
				1CB2975523C35F0100063FCA /* Sources */,
				1CB2975623C35F0100063FCA /* Frameworks */,
				1CB2975723C35F0100063FCA /* Resources */,
			);
			buildRules = (
			);
			dependencies = (
				DE72331B23CE1F0E00C3B169 /* PBXTargetDependency */,
			);
			name = SeamlessPay;
			productName = SeamlessPay;
			productReference = 1CB2975923C35F0100063FCA /* SeamlessPay.app */;
			productType = "com.apple.product-type.application";
		};
/* End PBXNativeTarget section */

/* Begin PBXProject section */
		1CB2975123C35F0100063FCA /* Project object */ = {
			isa = PBXProject;
			attributes = {
				LastUpgradeCheck = 1120;
				ORGANIZATIONNAME = "Seamless Payments, Inc";
				TargetAttributes = {
					1CB2975823C35F0100063FCA = {
						CreatedOnToolsVersion = 11.2.1;
					};
				};
			};
			buildConfigurationList = 1CB2975423C35F0100063FCA /* Build configuration list for PBXProject "SeamlessPay" */;
			compatibilityVersion = "Xcode 9.3";
			developmentRegion = en;
			hasScannedForEncodings = 0;
			knownRegions = (
				en,
				Base,
			);
			mainGroup = 1CB2975023C35F0100063FCA;
			productRefGroup = 1CB2975A23C35F0100063FCA /* Products */;
			projectDirPath = "";
			projectReferences = (
				{
					ProductGroup = DE72331423CE1DFF00C3B169 /* Products */;
					ProjectRef = DE72331323CE1DFF00C3B169 /* SeamlessPayCore.xcodeproj */;
				},
			);
			projectRoot = "";
			targets = (
				1CB2975823C35F0100063FCA /* SeamlessPay */,
			);
		};
/* End PBXProject section */

/* Begin PBXReferenceProxy section */
		DE72331823CE1DFF00C3B169 /* SeamlessPayCore.framework */ = {
			isa = PBXReferenceProxy;
			fileType = wrapper.framework;
			path = SeamlessPayCore.framework;
			remoteRef = DE72331723CE1DFF00C3B169 /* PBXContainerItemProxy */;
			sourceTree = BUILT_PRODUCTS_DIR;
		};
/* End PBXReferenceProxy section */

/* Begin PBXResourcesBuildPhase section */
		1CB2975723C35F0100063FCA /* Resources */ = {
			isa = PBXResourcesBuildPhase;
			buildActionMask = 2147483647;
			files = (
				1CB2976F23C35F0C00063FCA /* LaunchScreen.storyboard in Resources */,
				1CB2976C23C35F0C00063FCA /* Assets.xcassets in Resources */,
				1CB2976A23C35F0100063FCA /* Main.storyboard in Resources */,
				DEA933FA23D0CBFA00F40210 /* SeamlessPayCore.framework in Resources */,
			);
			runOnlyForDeploymentPostprocessing = 0;
		};
/* End PBXResourcesBuildPhase section */

/* Begin PBXSourcesBuildPhase section */
		1CB2975523C35F0100063FCA /* Sources */ = {
			isa = PBXSourcesBuildPhase;
			buildActionMask = 2147483647;
			files = (
				1CB2977223C35F0C00063FCA /* main.m in Sources */,
				1CB2975E23C35F0100063FCA /* AppDelegate.m in Sources */,
				1CB2976423C35F0100063FCA /* MasterViewController.m in Sources */,
				1CB2976123C35F0100063FCA /* SceneDelegate.m in Sources */,
				1CB2976723C35F0100063FCA /* DetailViewController.m in Sources */,
			);
			runOnlyForDeploymentPostprocessing = 0;
		};
/* End PBXSourcesBuildPhase section */

/* Begin PBXTargetDependency section */
		DE72331B23CE1F0E00C3B169 /* PBXTargetDependency */ = {
			isa = PBXTargetDependency;
			name = SeamlessPayCore;
			targetProxy = DE72331A23CE1F0E00C3B169 /* PBXContainerItemProxy */;
		};
/* End PBXTargetDependency section */

/* Begin PBXVariantGroup section */
		1CB2976823C35F0100063FCA /* Main.storyboard */ = {
			isa = PBXVariantGroup;
			children = (
				1CB2976923C35F0100063FCA /* Base */,
			);
			name = Main.storyboard;
			sourceTree = "<group>";
		};
		1CB2976D23C35F0C00063FCA /* LaunchScreen.storyboard */ = {
			isa = PBXVariantGroup;
			children = (
				1CB2976E23C35F0C00063FCA /* Base */,
			);
			name = LaunchScreen.storyboard;
			sourceTree = "<group>";
		};
/* End PBXVariantGroup section */

/* Begin XCBuildConfiguration section */
		1CB2977323C35F0C00063FCA /* Debug */ = {
			isa = XCBuildConfiguration;
			buildSettings = {
				ALWAYS_SEARCH_USER_PATHS = NO;
				CLANG_ANALYZER_NONNULL = YES;
				CLANG_ANALYZER_NUMBER_OBJECT_CONVERSION = YES_AGGRESSIVE;
				CLANG_CXX_LANGUAGE_STANDARD = "gnu++14";
				CLANG_CXX_LIBRARY = "libc++";
				CLANG_ENABLE_MODULES = YES;
				CLANG_ENABLE_OBJC_ARC = YES;
				CLANG_ENABLE_OBJC_WEAK = YES;
				CLANG_WARN_BLOCK_CAPTURE_AUTORELEASING = YES;
				CLANG_WARN_BOOL_CONVERSION = YES;
				CLANG_WARN_COMMA = YES;
				CLANG_WARN_CONSTANT_CONVERSION = YES;
				CLANG_WARN_DEPRECATED_OBJC_IMPLEMENTATIONS = YES;
				CLANG_WARN_DIRECT_OBJC_ISA_USAGE = YES_ERROR;
				CLANG_WARN_DOCUMENTATION_COMMENTS = YES;
				CLANG_WARN_EMPTY_BODY = YES;
				CLANG_WARN_ENUM_CONVERSION = YES;
				CLANG_WARN_INFINITE_RECURSION = YES;
				CLANG_WARN_INT_CONVERSION = YES;
				CLANG_WARN_NON_LITERAL_NULL_CONVERSION = YES;
				CLANG_WARN_OBJC_IMPLICIT_RETAIN_SELF = YES;
				CLANG_WARN_OBJC_LITERAL_CONVERSION = YES;
				CLANG_WARN_OBJC_ROOT_CLASS = YES_ERROR;
				CLANG_WARN_RANGE_LOOP_ANALYSIS = YES;
				CLANG_WARN_STRICT_PROTOTYPES = YES;
				CLANG_WARN_SUSPICIOUS_MOVE = YES;
				CLANG_WARN_UNGUARDED_AVAILABILITY = YES_AGGRESSIVE;
				CLANG_WARN_UNREACHABLE_CODE = YES;
				CLANG_WARN__DUPLICATE_METHOD_MATCH = YES;
				COPY_PHASE_STRIP = NO;
				DEBUG_INFORMATION_FORMAT = dwarf;
				ENABLE_STRICT_OBJC_MSGSEND = YES;
				ENABLE_TESTABILITY = YES;
				GCC_C_LANGUAGE_STANDARD = gnu11;
				GCC_DYNAMIC_NO_PIC = NO;
				GCC_NO_COMMON_BLOCKS = YES;
				GCC_OPTIMIZATION_LEVEL = 0;
				GCC_PREPROCESSOR_DEFINITIONS = (
					"DEBUG=1",
					"$(inherited)",
				);
				GCC_WARN_64_TO_32_BIT_CONVERSION = YES;
				GCC_WARN_ABOUT_RETURN_TYPE = YES_ERROR;
				GCC_WARN_UNDECLARED_SELECTOR = YES;
				GCC_WARN_UNINITIALIZED_AUTOS = YES_AGGRESSIVE;
				GCC_WARN_UNUSED_FUNCTION = YES;
				GCC_WARN_UNUSED_VARIABLE = YES;
				IPHONEOS_DEPLOYMENT_TARGET = 13.2;
				MTL_ENABLE_DEBUG_INFO = INCLUDE_SOURCE;
				MTL_FAST_MATH = YES;
				ONLY_ACTIVE_ARCH = YES;
				SDKROOT = iphoneos;
			};
			name = Debug;
		};
		1CB2977423C35F0C00063FCA /* Release */ = {
			isa = XCBuildConfiguration;
			buildSettings = {
				ALWAYS_SEARCH_USER_PATHS = NO;
				CLANG_ANALYZER_NONNULL = YES;
				CLANG_ANALYZER_NUMBER_OBJECT_CONVERSION = YES_AGGRESSIVE;
				CLANG_CXX_LANGUAGE_STANDARD = "gnu++14";
				CLANG_CXX_LIBRARY = "libc++";
				CLANG_ENABLE_MODULES = YES;
				CLANG_ENABLE_OBJC_ARC = YES;
				CLANG_ENABLE_OBJC_WEAK = YES;
				CLANG_WARN_BLOCK_CAPTURE_AUTORELEASING = YES;
				CLANG_WARN_BOOL_CONVERSION = YES;
				CLANG_WARN_COMMA = YES;
				CLANG_WARN_CONSTANT_CONVERSION = YES;
				CLANG_WARN_DEPRECATED_OBJC_IMPLEMENTATIONS = YES;
				CLANG_WARN_DIRECT_OBJC_ISA_USAGE = YES_ERROR;
				CLANG_WARN_DOCUMENTATION_COMMENTS = YES;
				CLANG_WARN_EMPTY_BODY = YES;
				CLANG_WARN_ENUM_CONVERSION = YES;
				CLANG_WARN_INFINITE_RECURSION = YES;
				CLANG_WARN_INT_CONVERSION = YES;
				CLANG_WARN_NON_LITERAL_NULL_CONVERSION = YES;
				CLANG_WARN_OBJC_IMPLICIT_RETAIN_SELF = YES;
				CLANG_WARN_OBJC_LITERAL_CONVERSION = YES;
				CLANG_WARN_OBJC_ROOT_CLASS = YES_ERROR;
				CLANG_WARN_RANGE_LOOP_ANALYSIS = YES;
				CLANG_WARN_STRICT_PROTOTYPES = YES;
				CLANG_WARN_SUSPICIOUS_MOVE = YES;
				CLANG_WARN_UNGUARDED_AVAILABILITY = YES_AGGRESSIVE;
				CLANG_WARN_UNREACHABLE_CODE = YES;
				CLANG_WARN__DUPLICATE_METHOD_MATCH = YES;
				COPY_PHASE_STRIP = NO;
				DEBUG_INFORMATION_FORMAT = "dwarf-with-dsym";
				ENABLE_NS_ASSERTIONS = NO;
				ENABLE_STRICT_OBJC_MSGSEND = YES;
				GCC_C_LANGUAGE_STANDARD = gnu11;
				GCC_NO_COMMON_BLOCKS = YES;
				GCC_WARN_64_TO_32_BIT_CONVERSION = YES;
				GCC_WARN_ABOUT_RETURN_TYPE = YES_ERROR;
				GCC_WARN_UNDECLARED_SELECTOR = YES;
				GCC_WARN_UNINITIALIZED_AUTOS = YES_AGGRESSIVE;
				GCC_WARN_UNUSED_FUNCTION = YES;
				GCC_WARN_UNUSED_VARIABLE = YES;
				IPHONEOS_DEPLOYMENT_TARGET = 13.2;
				MTL_ENABLE_DEBUG_INFO = NO;
				MTL_FAST_MATH = YES;
				SDKROOT = iphoneos;
				VALIDATE_PRODUCT = YES;
			};
			name = Release;
		};
		1CB2977623C35F0C00063FCA /* Debug */ = {
			isa = XCBuildConfiguration;
			buildSettings = {
				ASSETCATALOG_COMPILER_APPICON_NAME = AppIcon;
				CODE_SIGN_STYLE = Automatic;
				DEVELOPMENT_TEAM = "";
				INFOPLIST_FILE = SeamlessPay/Info.plist;
				IPHONEOS_DEPLOYMENT_TARGET = 13.2;
				LD_RUNPATH_SEARCH_PATHS = (
					"$(inherited)",
					"@executable_path/Frameworks",
				);
				PRODUCT_BUNDLE_IDENTIFIER = com.seamless.apptest;
				PRODUCT_NAME = "$(TARGET_NAME)";
				TARGETED_DEVICE_FAMILY = "1,2";
			};
			name = Debug;
		};
		1CB2977723C35F0C00063FCA /* Release */ = {
			isa = XCBuildConfiguration;
			buildSettings = {
				ASSETCATALOG_COMPILER_APPICON_NAME = AppIcon;
				CODE_SIGN_STYLE = Automatic;
				DEVELOPMENT_TEAM = "";
				INFOPLIST_FILE = SeamlessPay/Info.plist;
				IPHONEOS_DEPLOYMENT_TARGET = 13.2;
				LD_RUNPATH_SEARCH_PATHS = (
					"$(inherited)",
					"@executable_path/Frameworks",
				);
				PRODUCT_BUNDLE_IDENTIFIER = com.seamless.apptest;
				PRODUCT_NAME = "$(TARGET_NAME)";
				TARGETED_DEVICE_FAMILY = "1,2";
			};
			name = Release;
		};
/* End XCBuildConfiguration section */

/* Begin XCConfigurationList section */
		1CB2975423C35F0100063FCA /* Build configuration list for PBXProject "SeamlessPay" */ = {
			isa = XCConfigurationList;
			buildConfigurations = (
				1CB2977323C35F0C00063FCA /* Debug */,
				1CB2977423C35F0C00063FCA /* Release */,
			);
			defaultConfigurationIsVisible = 0;
			defaultConfigurationName = Release;
		};
		1CB2977523C35F0C00063FCA /* Build configuration list for PBXNativeTarget "SeamlessPay" */ = {
			isa = XCConfigurationList;
			buildConfigurations = (
				1CB2977623C35F0C00063FCA /* Debug */,
				1CB2977723C35F0C00063FCA /* Release */,
			);
			defaultConfigurationIsVisible = 0;
			defaultConfigurationName = Release;
		};
/* End XCConfigurationList section */
	};
	rootObject = 1CB2975123C35F0100063FCA /* Project object */;
}
